# This file is autogenerated, do not edit; changes may be undone by the next 'dep ensure'.


[[projects]]
  digest = "1:09a7f74eb6bb3c0f14d8926610c87f569c5cff68e978d30e9a3540aeb626fdf0"
  name = "github.com/bartekn/go-bip39"
  packages = ["."]
  pruneopts = "UT"
  revision = "a05967ea095d81c8fe4833776774cfaff8e5036c"

[[projects]]
  branch = "master"
  digest = "1:c0decf632843204d2b8781de7b26e7038584e2dcccc7e2f401e88ae85b1df2b7"
  name = "github.com/btcsuite/btcd"
  packages = ["btcec"]
  pruneopts = "UT"
  revision = "2a560b2036bee5e3679ec2133eb6520b2f195213"

[[projects]]
  digest = "1:a2b30823bea7adf7c700c9d35d1e2671e832645d426b6159d4e4ce12f082dcd7"
  name = "github.com/cosmos/cosmos-sdk"
  packages = [
    "crypto/keys/bip39",
    "crypto/keys/hd",
  ]
  pruneopts = "UT"
  revision = "1c38c70468ec721e3a555ba2f3bf5f9da31f0cc9"
  version = "v0.24.2"

[[projects]]
  digest = "1:ffe9824d294da03b391f44e1ae8281281b4afc1bdaa9588c9097785e3af10cec"
  name = "github.com/davecgh/go-spew"
  packages = ["spew"]
  pruneopts = "UT"
  revision = "8991bc29aa16c548c550c7ff78260e27b9ab7c73"
  version = "v1.1.1"

[[projects]]
  digest = "1:704b145137b5555c6bac6a7e52875e4df8a0a1b7ea74aaae864abcab61e672b0"
  name = "github.com/go-kit/kit"
  packages = [
    "log",
    "log/level",
    "log/term",
  ]
  pruneopts = "UT"
  revision = "4dc7be5d2d12881735283bcab7352178e190fc71"
  version = "v0.6.0"

[[projects]]
  digest = "1:31a18dae27a29aa074515e43a443abfd2ba6deb6d69309d8d7ce789c45f34659"
  name = "github.com/go-logfmt/logfmt"
  packages = ["."]
  pruneopts = "UT"
  revision = "390ab7935ee28ec6b286364bba9b4dd6410cb3d5"
  version = "v0.3.0"

[[projects]]
  digest = "1:586ea76dbd0374d6fb649a91d70d652b7fe0ccffb8910a77468e7702e7901f3d"
  name = "github.com/go-stack/stack"
  packages = ["."]
  pruneopts = "UT"
  revision = "2fee6af1a9795aafbe0253a0cfbdf668e1fb8a9a"
  version = "v1.8.0"

[[projects]]
  digest = "1:bfc758d5a03d57d97226fac6934551c01bd76612adb119c177395b057a0a46db"
  name = "github.com/gogo/protobuf"
  packages = [
    "gogoproto",
    "proto",
    "protoc-gen-gogo/descriptor",
  ]
  pruneopts = "UT"
  revision = "636bf0302bc95575d69441b25a2603156ffdddf1"
  version = "v1.1.1"

[[projects]]
  digest = "1:15042ad3498153684d09f393bbaec6b216c8eec6d61f63dff711de7d64ed8861"
  name = "github.com/golang/protobuf"
  packages = ["proto"]
  pruneopts = "UT"
  revision = "b4deda0973fb4c70b50d226b1af49f3da59f5265"
  version = "v1.1.0"

[[projects]]
  branch = "master"
  digest = "1:a64e323dc06b73892e5bb5d040ced475c4645d456038333883f58934abbf6f72"
  name = "github.com/kr/logfmt"
  packages = ["."]
  pruneopts = "UT"
  revision = "b84e30acd515aadc4b783ad4ff83aff3299bdfe0"

[[projects]]
  digest = "1:40e195917a951a8bf867cd05de2a46aaf1806c50cf92eebf4c16f78cd196f747"
  name = "github.com/pkg/errors"
  packages = ["."]
  pruneopts = "UT"
  revision = "645ef00459ed84a119197bfb8d8205042c6df63d"
  version = "v0.8.0"

[[projects]]
  digest = "1:605b6546f3f43745695298ec2d342d3e952b6d91cdf9f349bea9315f677d759f"
  name = "github.com/tendermint/btcd"
  packages = ["btcec"]
  pruneopts = "UT"
  revision = "e5840949ff4fff0c56f9b6a541e22b63581ea9df"

[[projects]]
  branch = "master"
  digest = "1:087aaa7920e5d0bf79586feb57ce01c35c830396ab4392798112e8aae8c47722"
  name = "github.com/tendermint/ed25519"
  packages = [
    ".",
    "edwards25519",
    "extra25519",
  ]
  pruneopts = "UT"
  revision = "d8387025d2b9d158cf4efb07e7ebf814bcce2057"

[[projects]]
  digest = "1:2c971a45c89ca2ccc735af50919cdee05fbdc54d4bf50625073693300e31ead8"
  name = "github.com/tendermint/go-amino"
  packages = ["."]
  pruneopts = "UT"
  revision = "faa6e731944e2b7b6a46ad202902851e8ce85bee"
  version = "v0.12.0"

[[projects]]
  digest = "1:36c9d8767d9d5879dd3b8d62ac200c88c41971884e133b1d0139090e21fb2404"
  name = "github.com/tendermint/tendermint"
  packages = [
    "crypto",
    "crypto/ed25519",
    "crypto/secp256k1",
    "crypto/tmhash",
    "libs/common",
    "libs/log",
  ]
  pruneopts = "UT"
  revision = "0c9c3292c918617624f6f3fbcd95eceade18bcd5"
  version = "v0.25.0"

[[projects]]
  branch = "master"
  digest = "1:ba3904b7f7c24e16b537a584247d9e13d8e9822a8a976f91c3bfd70245ecfd58"
  name = "golang.org/x/crypto"
  packages = [
    "pbkdf2",
    "ripemd160",
  ]
  pruneopts = "UT"
  revision = "0e37d006457bf46f9e6692014ba72ef82c33022c"

[solve-meta]
  analyzer-name = "dep"
  analyzer-version = 1
  input-imports = [
    "github.com/cosmos/cosmos-sdk/crypto/keys/bip39",
    "github.com/cosmos/cosmos-sdk/crypto/keys/hd",
    "github.com/tendermint/go-amino",
    "github.com/tendermint/tendermint/crypto",
    "github.com/tendermint/tendermint/crypto/ed25519",
    "github.com/tendermint/tendermint/crypto/secp256k1",
  ]
  solver-name = "gps-cdcl"
  solver-version = 1
